
Microsoft Visual Studio Solution File, Format Version 12.00
# Visual Studio Version 17
VisualStudioVersion = 17.5.001.0
MinimumVisualStudioVersion = 10.0.40219.1
Project("{9A19103F-16F7-4668-BE54-9A1E7A4F7556}") = "icts_test", "icts_test.csproj", "{EAD243DB-2956-451A-BFE5-F8C5C14D9EDA}"
EndProject
Global
	GlobalSection(SolutionConfigurationPlatforms) = preSolution
		Debug|Any CPU = Debug|Any CPU
		Release|Any CPU = Release|Any CPU
	EndGlobalSection
	GlobalSection(ProjectConfigurationPlatforms) = postSolution
		{EAD243DB-2956-451A-BFE5-F8C5C14D9EDA}.Debug|Any CPU.ActiveCfg = Debug|Any CPU
		{EAD243DB-2956-451A-BFE5-F8C5C14D9EDA}.Debug|Any CPU.Build.0 = Debug|Any CPU
		{EAD243DB-2956-451A-BFE5-F8C5C14D9EDA}.Release|Any CPU.ActiveCfg = Release|Any CPU
		{EAD243DB-2956-451A-BFE5-F8C5C14D9EDA}.Release|Any CPU.Build.0 = Release|Any CPU
	EndGlobalSection
	GlobalSection(SolutionProperties) = preSolution
		HideSolutionNode = FALSE
	EndGlobalSection
	GlobalSection(ExtensibilityGlobals) = postSolution
		SolutionGuid = {0419AA04-8474-4A9B-93BD-788433EA6461}
	EndGlobalSection
EndGlobal
